
Microsoft Visual Studio Solution File, Format Version 12.00
# Visual Studio Version 17
VisualStudioVersion = 17.5.002.0
MinimumVisualStudioVersion = 10.0.40219.1
Project("{9A19103F-16F7-4668-BE54-9A1E7A4F7556}") = "build", "build\build.csproj", "{7F6F3AE7-A444-4FD7-BF68-B05A44233B81}"
EndProject
Global
	GlobalSection(SolutionConfigurationPlatforms) = preSolution
		Debug|Any CPU = Debug|Any CPU
		Release|Any CPU = Release|Any CPU
	EndGlobalSection
	GlobalSection(ProjectConfigurationPlatforms) = postSolution
		{7F6F3AE7-A444-4FD7-BF68-B05A44233B81}.Debug|Any CPU.ActiveCfg = Debug|Any CPU
		{7F6F3AE7-A444-4FD7-BF68-B05A44233B81}.Debug|Any CPU.Build.0 = Debug|Any CPU
		{7F6F3AE7-A444-4FD7-BF68-B05A44233B81}.Release|Any CPU.ActiveCfg = Release|Any CPU
		{7F6F3AE7-A444-4FD7-BF68-B05A44233B81}.Release|Any CPU.Build.0 = Release|Any CPU
	EndGlobalSection
	GlobalSection(SolutionProperties) = preSolution
		HideSolutionNode = FALSE
	EndGlobalSection
	GlobalSection(ExtensibilityGlobals) = postSolution
		SolutionGuid = {3631D5AB-3464-4668-852E-6F8D7FD5F0DB}
	EndGlobalSection
EndGlobal
